
Microsoft Visual Studio Solution File, Format Version 12.00
# Visual Studio Version 16
VisualStudioVersion = 16.0.31205.134
MinimumVisualStudioVersion = 10.0.40219.1
Project("{FAE04EC0-301F-11D3-BF4B-00C04F79EFBC}") = "Calculadora.GUI", "Calculadora.GUI\Calculadora.GUI.csproj", "{70B348DD-FA0A-4F7F-8BB3-71C78A944E4A}"
EndProject
Global
	GlobalSection(SolutionConfigurationPlatforms) = preSolution
		Debug|Any CPU = Debug|Any CPU
		Release|Any CPU = Release|Any CPU
	EndGlobalSection
	GlobalSection(ProjectConfigurationPlatforms) = postSolution
		{70B348DD-FA0A-4F7F-8BB3-71C78A944E4A}.Debug|Any CPU.ActiveCfg = Debug|Any CPU
		{70B348DD-FA0A-4F7F-8BB3-71C78A944E4A}.Debug|Any CPU.Build.0 = Debug|Any CPU
		{70B348DD-FA0A-4F7F-8BB3-71C78A944E4A}.Release|Any CPU.ActiveCfg = Release|Any CPU
		{70B348DD-FA0A-4F7F-8BB3-71C78A944E4A}.Release|Any CPU.Build.0 = Release|Any CPU
	EndGlobalSection
	GlobalSection(SolutionProperties) = preSolution
		HideSolutionNode = FALSE
	EndGlobalSection
	GlobalSection(ExtensibilityGlobals) = postSolution
		SolutionGuid = {EA4C6AC9-3538-4DE2-817E-C6C1F998E053}
	EndGlobalSection
EndGlobal
